
Microsoft Visual Studio Solution File, Format Version 12.00
# Visual Studio Version 16
VisualStudioVersion = 16.0.29806.167
MinimumVisualStudioVersion = 10.0.40219.1
Project("{2150E333-8FDC-42A3-9474-1A3956D46DE8}") = "CleanArch.Application", "CleanArch.Application", "{EA1D0E56-5376-418A-BADC-50AB94C9D749}"
EndProject
Project("{2150E333-8FDC-42A3-9474-1A3956D46DE8}") = "CleanArch.Domain", "CleanArch.Domain", "{55C2A806-8A67-4ABB-AD8D-1F53F2FC9507}"
EndProject
Project("{2150E333-8FDC-42A3-9474-1A3956D46DE8}") = "ClenArch.Infra.IoC", "ClenArch.Infra.IoC", "{132A77BA-632C-484F-B240-8B190A11C917}"
EndProject
Project("{2150E333-8FDC-42A3-9474-1A3956D46DE8}") = "CleanArch.Infra.Data", "CleanArch.Infra.Data", "{6B9557FE-D8BA-4F4B-AD63-44E3D020D55F}"
EndProject
Project("{2150E333-8FDC-42A3-9474-1A3956D46DE8}") = "CleanArch.UI.Mvc", "CleanArch.UI.Mvc", "{2108B7D1-699A-4D19-BDD9-8081235A054A}"
EndProject
Global
	GlobalSection(SolutionProperties) = preSolution
		HideSolutionNode = FALSE
	EndGlobalSection
	GlobalSection(ExtensibilityGlobals) = postSolution
		SolutionGuid = {E23D2C76-9449-4AEC-9DDB-15A008857300}
	EndGlobalSection
EndGlobal
